
Microsoft Visual Studio Solution File, Format Version 12.00
# Visual Studio Version 16
VisualStudioVersion = 16.0.31729.503
MinimumVisualStudioVersion = 10.0.40219.1
Project("{FAE04EC0-301F-11D3-BF4B-00C04F79EFBC}") = "FractalGraphics", "FractalGraphics\FractalGraphics.csproj", "{64D695B0-FADD-4921-A4D0-415A46D89EB0}"
EndProject
Global
	GlobalSection(SolutionConfigurationPlatforms) = preSolution
		Debug|Any CPU = Debug|Any CPU
		Release|Any CPU = Release|Any CPU
	EndGlobalSection
	GlobalSection(ProjectConfigurationPlatforms) = postSolution
		{64D695B0-FADD-4921-A4D0-415A46D89EB0}.Debug|Any CPU.ActiveCfg = Debug|Any CPU
		{64D695B0-FADD-4921-A4D0-415A46D89EB0}.Debug|Any CPU.Build.0 = Debug|Any CPU
		{64D695B0-FADD-4921-A4D0-415A46D89EB0}.Release|Any CPU.ActiveCfg = Release|Any CPU
		{64D695B0-FADD-4921-A4D0-415A46D89EB0}.Release|Any CPU.Build.0 = Release|Any CPU
	EndGlobalSection
	GlobalSection(SolutionProperties) = preSolution
		HideSolutionNode = FALSE
	EndGlobalSection
	GlobalSection(ExtensibilityGlobals) = postSolution
		SolutionGuid = {5D2309CB-BF1E-4B89-B6D1-694A679CADA5}
	EndGlobalSection
EndGlobal
